
Microsoft Visual Studio Solution File, Format Version 12.00
Project("{FAE04EC0-301F-11D3-BF4B-00C04F79EFBC}") = "SimplePay.Api", "SimplePay.Api\SimplePay.Api.csproj", "{76D6E881-7BC1-463C-9059-F90C97C9CB1E}"
EndProject
Project("{FAE04EC0-301F-11D3-BF4B-00C04F79EFBC}") = "SimplePay.Data", "SimplePay.Data\SimplePay.Data.csproj", "{9264ED5E-4D7D-49AF-A93C-B9828CAAF1F9}"
EndProject
Project("{2150E333-8FDC-42A3-9474-1A3956D46DE8}") = "Tests", "Tests", "{B960C253-827D-4F11-9544-8CBA4944327C}"
EndProject
Project("{FAE04EC0-301F-11D3-BF4B-00C04F79EFBC}") = "SimplePay.Api.Tests", "Tests\SimplePay.Api.Tests\SimplePay.Api.Tests.csproj", "{0B3EBA19-0779-4EEA-9785-611D9974F45C}"
EndProject
Global
	GlobalSection(SolutionConfigurationPlatforms) = preSolution
		Debug|Any CPU = Debug|Any CPU
		Release|Any CPU = Release|Any CPU
	EndGlobalSection
	GlobalSection(ProjectConfigurationPlatforms) = postSolution
		{76D6E881-7BC1-463C-9059-F90C97C9CB1E}.Debug|Any CPU.ActiveCfg = Debug|Any CPU
		{76D6E881-7BC1-463C-9059-F90C97C9CB1E}.Debug|Any CPU.Build.0 = Debug|Any CPU
		{76D6E881-7BC1-463C-9059-F90C97C9CB1E}.Release|Any CPU.ActiveCfg = Release|Any CPU
		{76D6E881-7BC1-463C-9059-F90C97C9CB1E}.Release|Any CPU.Build.0 = Release|Any CPU
		{9264ED5E-4D7D-49AF-A93C-B9828CAAF1F9}.Debug|Any CPU.ActiveCfg = Debug|Any CPU
		{9264ED5E-4D7D-49AF-A93C-B9828CAAF1F9}.Debug|Any CPU.Build.0 = Debug|Any CPU
		{9264ED5E-4D7D-49AF-A93C-B9828CAAF1F9}.Release|Any CPU.ActiveCfg = Release|Any CPU
		{9264ED5E-4D7D-49AF-A93C-B9828CAAF1F9}.Release|Any CPU.Build.0 = Release|Any CPU
		{0B3EBA19-0779-4EEA-9785-611D9974F45C}.Debug|Any CPU.ActiveCfg = Debug|Any CPU
		{0B3EBA19-0779-4EEA-9785-611D9974F45C}.Debug|Any CPU.Build.0 = Debug|Any CPU
		{0B3EBA19-0779-4EEA-9785-611D9974F45C}.Release|Any CPU.ActiveCfg = Release|Any CPU
		{0B3EBA19-0779-4EEA-9785-611D9974F45C}.Release|Any CPU.Build.0 = Release|Any CPU
	EndGlobalSection
	GlobalSection(NestedProjects) = preSolution
		{0B3EBA19-0779-4EEA-9785-611D9974F45C} = {B960C253-827D-4F11-9544-8CBA4944327C}
	EndGlobalSection
EndGlobal
